
Microsoft Visual Studio Solution File, Format Version 12.00
# Visual Studio Version 17
VisualStudioVersion = 17.2.32630.192
MinimumVisualStudioVersion = 10.0.40219.1
Project("{9A19103F-16F7-4668-BE54-9A1E7A4F7556}") = "1.RecursiveArraySum", "1.RecursiveArraySum\1.RecursiveArraySum.csproj", "{3CFAEF79-1FEB-4796-AC1C-C03511D6308C}"
EndProject
Project("{9A19103F-16F7-4668-BE54-9A1E7A4F7556}") = "2.RecursiveDrawing", "2.RecursiveDrawing\2.RecursiveDrawing.csproj", "{0F72AC78-D5BF-4A46-8628-48E247C6B066}"
EndProject
Project("{9A19103F-16F7-4668-BE54-9A1E7A4F7556}") = "3.GenerateVectors", "3.GenerateVectors\3.GenerateVectors.csproj", "{4A32EDB8-C18C-4FF3-86B5-FDF84904DD46}"
EndProject
Project("{9A19103F-16F7-4668-BE54-9A1E7A4F7556}") = "4.RecursiveFactorial", "4.RecursiveFactorial\4.RecursiveFactorial.csproj", "{5A0B79A7-7F5E-4C83-A35C-A2A75EC8918D}"
EndProject
Project("{9A19103F-16F7-4668-BE54-9A1E7A4F7556}") = "5.AllPatsInLabrynth", "5.AllPatsInLabrynth\5.AllPatsInLabrynth.csproj", "{D31DBCB0-D5F1-4126-8F67-24D1C4776587}"
EndProject
Project("{FAE04EC0-301F-11D3-BF4B-00C04F79EFBC}") = "6.EightQueensProblem", "6.EightQueensProblem\6.EightQueensProblem.csproj", "{8D3CCCFF-9A73-4A2E-9321-7CD836F386C8}"
EndProject
Global
	GlobalSection(SolutionConfigurationPlatforms) = preSolution
		Debug|Any CPU = Debug|Any CPU
		Release|Any CPU = Release|Any CPU
	EndGlobalSection
	GlobalSection(ProjectConfigurationPlatforms) = postSolution
		{3CFAEF79-1FEB-4796-AC1C-C03511D6308C}.Debug|Any CPU.ActiveCfg = Debug|Any CPU
		{3CFAEF79-1FEB-4796-AC1C-C03511D6308C}.Debug|Any CPU.Build.0 = Debug|Any CPU
		{3CFAEF79-1FEB-4796-AC1C-C03511D6308C}.Release|Any CPU.ActiveCfg = Release|Any CPU
		{3CFAEF79-1FEB-4796-AC1C-C03511D6308C}.Release|Any CPU.Build.0 = Release|Any CPU
		{0F72AC78-D5BF-4A46-8628-48E247C6B066}.Debug|Any CPU.ActiveCfg = Debug|Any CPU
		{0F72AC78-D5BF-4A46-8628-48E247C6B066}.Debug|Any CPU.Build.0 = Debug|Any CPU
		{0F72AC78-D5BF-4A46-8628-48E247C6B066}.Release|Any CPU.ActiveCfg = Release|Any CPU
		{0F72AC78-D5BF-4A46-8628-48E247C6B066}.Release|Any CPU.Build.0 = Release|Any CPU
		{4A32EDB8-C18C-4FF3-86B5-FDF84904DD46}.Debug|Any CPU.ActiveCfg = Debug|Any CPU
		{4A32EDB8-C18C-4FF3-86B5-FDF84904DD46}.Debug|Any CPU.Build.0 = Debug|Any CPU
		{4A32EDB8-C18C-4FF3-86B5-FDF84904DD46}.Release|Any CPU.ActiveCfg = Release|Any CPU
		{4A32EDB8-C18C-4FF3-86B5-FDF84904DD46}.Release|Any CPU.Build.0 = Release|Any CPU
		{5A0B79A7-7F5E-4C83-A35C-A2A75EC8918D}.Debug|Any CPU.ActiveCfg = Debug|Any CPU
		{5A0B79A7-7F5E-4C83-A35C-A2A75EC8918D}.Debug|Any CPU.Build.0 = Debug|Any CPU
		{5A0B79A7-7F5E-4C83-A35C-A2A75EC8918D}.Release|Any CPU.ActiveCfg = Release|Any CPU
		{5A0B79A7-7F5E-4C83-A35C-A2A75EC8918D}.Release|Any CPU.Build.0 = Release|Any CPU
		{D31DBCB0-D5F1-4126-8F67-24D1C4776587}.Debug|Any CPU.ActiveCfg = Debug|Any CPU
		{D31DBCB0-D5F1-4126-8F67-24D1C4776587}.Debug|Any CPU.Build.0 = Debug|Any CPU
		{D31DBCB0-D5F1-4126-8F67-24D1C4776587}.Release|Any CPU.ActiveCfg = Release|Any CPU
		{D31DBCB0-D5F1-4126-8F67-24D1C4776587}.Release|Any CPU.Build.0 = Release|Any CPU
		{8D3CCCFF-9A73-4A2E-9321-7CD836F386C8}.Debug|Any CPU.ActiveCfg = Debug|Any CPU
		{8D3CCCFF-9A73-4A2E-9321-7CD836F386C8}.Debug|Any CPU.Build.0 = Debug|Any CPU
		{8D3CCCFF-9A73-4A2E-9321-7CD836F386C8}.Release|Any CPU.ActiveCfg = Release|Any CPU
		{8D3CCCFF-9A73-4A2E-9321-7CD836F386C8}.Release|Any CPU.Build.0 = Release|Any CPU
	EndGlobalSection
	GlobalSection(SolutionProperties) = preSolution
		HideSolutionNode = FALSE
	EndGlobalSection
	GlobalSection(ExtensibilityGlobals) = postSolution
		SolutionGuid = {5659BD7F-3B7F-4E16-AD89-683CB5B0EC76}
	EndGlobalSection
EndGlobal
