
Microsoft Visual Studio Solution File, Format Version 12.00
# Visual Studio Version 17
VisualStudioVersion = 17.2.32630.192
MinimumVisualStudioVersion = 10.0.40219.1
Project("{9A19103F-16F7-4668-BE54-9A1E7A4F7556}") = "1.ReverseArray", "1.ReverseArray\1.ReverseArray.csproj", "{7929A1B9-219D-41EF-901F-4F44755DAE5C}"
EndProject
Project("{9A19103F-16F7-4668-BE54-9A1E7A4F7556}") = "2.NestedLoops", "2.NestedLoops\2.NestedLoops.csproj", "{332E31D2-DB1E-41D9-86F6-AA72AC4D7905}"
EndProject
Project("{9A19103F-16F7-4668-BE54-9A1E7A4F7556}") = "3.ConnectedAreasInMatrix", "3.ConnectedAreasInMatrix\3.ConnectedAreasInMatrix.csproj", "{A013C0B5-5B74-4323-A618-9653992BB610}"
EndProject
Project("{FAE04EC0-301F-11D3-BF4B-00C04F79EFBC}") = "4.Cinema", "4.Cinema\4.Cinema.csproj", "{203CD8D0-FB9E-4935-B79C-78447119EB54}"
EndProject
Project("{FAE04EC0-301F-11D3-BF4B-00C04F79EFBC}") = "5.SchoolTeams", "5.SchoolTeams\5.SchoolTeams.csproj", "{2D1E3D6B-B194-408A-99A2-E5CE364B4596}"
EndProject
Global
	GlobalSection(SolutionConfigurationPlatforms) = preSolution
		Debug|Any CPU = Debug|Any CPU
		Release|Any CPU = Release|Any CPU
	EndGlobalSection
	GlobalSection(ProjectConfigurationPlatforms) = postSolution
		{7929A1B9-219D-41EF-901F-4F44755DAE5C}.Debug|Any CPU.ActiveCfg = Debug|Any CPU
		{7929A1B9-219D-41EF-901F-4F44755DAE5C}.Debug|Any CPU.Build.0 = Debug|Any CPU
		{7929A1B9-219D-41EF-901F-4F44755DAE5C}.Release|Any CPU.ActiveCfg = Release|Any CPU
		{7929A1B9-219D-41EF-901F-4F44755DAE5C}.Release|Any CPU.Build.0 = Release|Any CPU
		{332E31D2-DB1E-41D9-86F6-AA72AC4D7905}.Debug|Any CPU.ActiveCfg = Debug|Any CPU
		{332E31D2-DB1E-41D9-86F6-AA72AC4D7905}.Debug|Any CPU.Build.0 = Debug|Any CPU
		{332E31D2-DB1E-41D9-86F6-AA72AC4D7905}.Release|Any CPU.ActiveCfg = Release|Any CPU
		{332E31D2-DB1E-41D9-86F6-AA72AC4D7905}.Release|Any CPU.Build.0 = Release|Any CPU
		{A013C0B5-5B74-4323-A618-9653992BB610}.Debug|Any CPU.ActiveCfg = Debug|Any CPU
		{A013C0B5-5B74-4323-A618-9653992BB610}.Debug|Any CPU.Build.0 = Debug|Any CPU
		{A013C0B5-5B74-4323-A618-9653992BB610}.Release|Any CPU.ActiveCfg = Release|Any CPU
		{A013C0B5-5B74-4323-A618-9653992BB610}.Release|Any CPU.Build.0 = Release|Any CPU
		{203CD8D0-FB9E-4935-B79C-78447119EB54}.Debug|Any CPU.ActiveCfg = Debug|Any CPU
		{203CD8D0-FB9E-4935-B79C-78447119EB54}.Debug|Any CPU.Build.0 = Debug|Any CPU
		{203CD8D0-FB9E-4935-B79C-78447119EB54}.Release|Any CPU.ActiveCfg = Release|Any CPU
		{203CD8D0-FB9E-4935-B79C-78447119EB54}.Release|Any CPU.Build.0 = Release|Any CPU
		{2D1E3D6B-B194-408A-99A2-E5CE364B4596}.Debug|Any CPU.ActiveCfg = Debug|Any CPU
		{2D1E3D6B-B194-408A-99A2-E5CE364B4596}.Debug|Any CPU.Build.0 = Debug|Any CPU
		{2D1E3D6B-B194-408A-99A2-E5CE364B4596}.Release|Any CPU.ActiveCfg = Release|Any CPU
		{2D1E3D6B-B194-408A-99A2-E5CE364B4596}.Release|Any CPU.Build.0 = Release|Any CPU
	EndGlobalSection
	GlobalSection(SolutionProperties) = preSolution
		HideSolutionNode = FALSE
	EndGlobalSection
	GlobalSection(ExtensibilityGlobals) = postSolution
		SolutionGuid = {11EB2FE9-D505-4312-8BE7-6ECE34986564}
	EndGlobalSection
EndGlobal
